
Microsoft Visual Studio Solution File, Format Version 12.00
# Visual Studio Version 17
VisualStudioVersion = 17.6.33829.357
MinimumVisualStudioVersion = 10.0.40219.1
Project("{FAE04EC0-301F-11D3-BF4B-00C04F79EFBC}") = "TestTaskLetters", "TestTaskLetters\TestTaskLetters.csproj", "{7AF46CB4-26CE-4B3D-88F7-7E607AE2A8B2}"
EndProject
Global
	GlobalSection(SolutionConfigurationPlatforms) = preSolution
		Debug|Any CPU = Debug|Any CPU
		Release|Any CPU = Release|Any CPU
	EndGlobalSection
	GlobalSection(ProjectConfigurationPlatforms) = postSolution
		{7AF46CB4-26CE-4B3D-88F7-7E607AE2A8B2}.Debug|Any CPU.ActiveCfg = Debug|Any CPU
		{7AF46CB4-26CE-4B3D-88F7-7E607AE2A8B2}.Debug|Any CPU.Build.0 = Debug|Any CPU
		{7AF46CB4-26CE-4B3D-88F7-7E607AE2A8B2}.Release|Any CPU.ActiveCfg = Release|Any CPU
		{7AF46CB4-26CE-4B3D-88F7-7E607AE2A8B2}.Release|Any CPU.Build.0 = Release|Any CPU
	EndGlobalSection
	GlobalSection(SolutionProperties) = preSolution
		HideSolutionNode = FALSE
	EndGlobalSection
	GlobalSection(ExtensibilityGlobals) = postSolution
		SolutionGuid = {761E1E1E-B9D6-4162-A786-9ED695201B26}
	EndGlobalSection
EndGlobal
